
Microsoft Visual Studio Solution File, Format Version 12.00
# Visual Studio Version 17
VisualStudioVersion = 17.5.33627.172
MinimumVisualStudioVersion = 10.0.40219.1
Project("{FAE04EC0-301F-11D3-BF4B-00C04F79EFBC}") = "AdventOfCode", "AdventOfCode\AdventOfCode.csproj", "{449F6E6D-2CE5-438C-BC6E-86FE47C16C07}"
EndProject
Global
	GlobalSection(SolutionConfigurationPlatforms) = preSolution
		Debug|Any CPU = Debug|Any CPU
		Release|Any CPU = Release|Any CPU
	EndGlobalSection
	GlobalSection(ProjectConfigurationPlatforms) = postSolution
		{449F6E6D-2CE5-438C-BC6E-86FE47C16C07}.Debug|Any CPU.ActiveCfg = Debug|Any CPU
		{449F6E6D-2CE5-438C-BC6E-86FE47C16C07}.Debug|Any CPU.Build.0 = Debug|Any CPU
		{449F6E6D-2CE5-438C-BC6E-86FE47C16C07}.Release|Any CPU.ActiveCfg = Release|Any CPU
		{449F6E6D-2CE5-438C-BC6E-86FE47C16C07}.Release|Any CPU.Build.0 = Release|Any CPU
	EndGlobalSection
	GlobalSection(SolutionProperties) = preSolution
		HideSolutionNode = FALSE
	EndGlobalSection
	GlobalSection(ExtensibilityGlobals) = postSolution
		SolutionGuid = {5A001E09-204E-4E79-823D-D0F97AD727BA}
	EndGlobalSection
EndGlobal
